
Microsoft Visual Studio Solution File, Format Version 12.00
# Visual Studio Version 17
VisualStudioVersion = 17.8.34408.163
MinimumVisualStudioVersion = 10.0.40219.1
Project("{FAE04EC0-301F-11D3-BF4B-00C04F79EFBC}") = "WebAppFile", "WebAppFile\WebAppFile.csproj", "{F006BE3F-4FC9-4444-8885-CEF80EAD3323}"
EndProject
Global
	GlobalSection(SolutionConfigurationPlatforms) = preSolution
		Debug|Any CPU = Debug|Any CPU
		Release|Any CPU = Release|Any CPU
	EndGlobalSection
	GlobalSection(ProjectConfigurationPlatforms) = postSolution
		{F006BE3F-4FC9-4444-8885-CEF80EAD3323}.Debug|Any CPU.ActiveCfg = Debug|Any CPU
		{F006BE3F-4FC9-4444-8885-CEF80EAD3323}.Debug|Any CPU.Build.0 = Debug|Any CPU
		{F006BE3F-4FC9-4444-8885-CEF80EAD3323}.Release|Any CPU.ActiveCfg = Release|Any CPU
		{F006BE3F-4FC9-4444-8885-CEF80EAD3323}.Release|Any CPU.Build.0 = Release|Any CPU
	EndGlobalSection
	GlobalSection(SolutionProperties) = preSolution
		HideSolutionNode = FALSE
	EndGlobalSection
	GlobalSection(ExtensibilityGlobals) = postSolution
		SolutionGuid = {83BE12CF-C3F7-4F4F-BFC8-F8B6D1D6DA13}
	EndGlobalSection
EndGlobal
